
Microsoft Visual Studio Solution File, Format Version 12.00
# Visual Studio 2013
Project("{FAE04EC0-301F-11D3-BF4B-00C04F79EFBC}") = "gitlab_RunningReaper.CSharp.Plugins", "gitlab_RunningReaper.CSharp.Plugins.csproj", "{5DF7C655-4F82-E275-04B0-40B235D1718E}"
EndProject
Project("{FAE04EC0-301F-11D3-BF4B-00C04F79EFBC}") = "gitlab_RunningReaper.CSharp", "gitlab_RunningReaper.CSharp.csproj", "{6B7CAEA0-CDAD-F415-47AE-8F8CC1858930}"
EndProject
Project("{FAE04EC0-301F-11D3-BF4B-00C04F79EFBC}") = "gitlab_RunningReaper.CSharp.Editor.Plugins", "gitlab_RunningReaper.CSharp.Editor.Plugins.csproj", "{DB72DE29-7BE6-2C9E-57A9-73DE54A2944C}"
EndProject
Global
	GlobalSection(SolutionConfigurationPlatforms) = preSolution
		Debug|Any CPU = Debug|Any CPU
		Release|Any CPU = Release|Any CPU
	EndGlobalSection
	GlobalSection(ProjectConfigurationPlatforms) = postSolution
		{5DF7C655-4F82-E275-04B0-40B235D1718E}.Debug|Any CPU.ActiveCfg = Debug|Any CPU
		{5DF7C655-4F82-E275-04B0-40B235D1718E}.Debug|Any CPU.Build.0 = Debug|Any CPU
		{5DF7C655-4F82-E275-04B0-40B235D1718E}.Release|Any CPU.ActiveCfg = Release|Any CPU
		{5DF7C655-4F82-E275-04B0-40B235D1718E}.Release|Any CPU.Build.0 = Release|Any CPU
		{6B7CAEA0-CDAD-F415-47AE-8F8CC1858930}.Debug|Any CPU.ActiveCfg = Debug|Any CPU
		{6B7CAEA0-CDAD-F415-47AE-8F8CC1858930}.Debug|Any CPU.Build.0 = Debug|Any CPU
		{6B7CAEA0-CDAD-F415-47AE-8F8CC1858930}.Release|Any CPU.ActiveCfg = Release|Any CPU
		{6B7CAEA0-CDAD-F415-47AE-8F8CC1858930}.Release|Any CPU.Build.0 = Release|Any CPU
		{DB72DE29-7BE6-2C9E-57A9-73DE54A2944C}.Debug|Any CPU.ActiveCfg = Debug|Any CPU
		{DB72DE29-7BE6-2C9E-57A9-73DE54A2944C}.Debug|Any CPU.Build.0 = Debug|Any CPU
		{DB72DE29-7BE6-2C9E-57A9-73DE54A2944C}.Release|Any CPU.ActiveCfg = Release|Any CPU
		{DB72DE29-7BE6-2C9E-57A9-73DE54A2944C}.Release|Any CPU.Build.0 = Release|Any CPU
	EndGlobalSection
	GlobalSection(SolutionProperties) = preSolution
		HideSolutionNode = FALSE
	EndGlobalSection
EndGlobal
